
Microsoft Visual Studio Solution File, Format Version 12.00
# Visual Studio Version 17
VisualStudioVersion = 17.3.32922.545
MinimumVisualStudioVersion = 10.0.40219.1
Project("{FAE04EC0-301F-11D3-BF4B-00C04F79EFBC}") = "Pr_2_rekursia", "Pr_2_rekursia\Pr_2_rekursia.csproj", "{24E9F824-B494-4E62-AAE1-A6F950A2CB5B}"
EndProject
Global
	GlobalSection(SolutionConfigurationPlatforms) = preSolution
		Debug|Any CPU = Debug|Any CPU
		Release|Any CPU = Release|Any CPU
	EndGlobalSection
	GlobalSection(ProjectConfigurationPlatforms) = postSolution
		{24E9F824-B494-4E62-AAE1-A6F950A2CB5B}.Debug|Any CPU.ActiveCfg = Debug|Any CPU
		{24E9F824-B494-4E62-AAE1-A6F950A2CB5B}.Debug|Any CPU.Build.0 = Debug|Any CPU
		{24E9F824-B494-4E62-AAE1-A6F950A2CB5B}.Release|Any CPU.ActiveCfg = Release|Any CPU
		{24E9F824-B494-4E62-AAE1-A6F950A2CB5B}.Release|Any CPU.Build.0 = Release|Any CPU
	EndGlobalSection
	GlobalSection(SolutionProperties) = preSolution
		HideSolutionNode = FALSE
	EndGlobalSection
	GlobalSection(ExtensibilityGlobals) = postSolution
		SolutionGuid = {14FFD5E2-0A49-4CCD-BA82-A745793FE910}
	EndGlobalSection
EndGlobal
