
Microsoft Visual Studio Solution File, Format Version 12.00
# Visual Studio Version 17
VisualStudioVersion = 17.3.32922.545
MinimumVisualStudioVersion = 10.0.40219.1
Project("{FAE04EC0-301F-11D3-BF4B-00C04F79EFBC}") = "PracticWork11_5", "PracticWork11_5\PracticWork11_5.csproj", "{68A88B8E-1C93-46E4-BF24-379D4EEF0CCD}"
EndProject
Global
	GlobalSection(SolutionConfigurationPlatforms) = preSolution
		Debug|Any CPU = Debug|Any CPU
		Release|Any CPU = Release|Any CPU
	EndGlobalSection
	GlobalSection(ProjectConfigurationPlatforms) = postSolution
		{68A88B8E-1C93-46E4-BF24-379D4EEF0CCD}.Debug|Any CPU.ActiveCfg = Debug|Any CPU
		{68A88B8E-1C93-46E4-BF24-379D4EEF0CCD}.Debug|Any CPU.Build.0 = Debug|Any CPU
		{68A88B8E-1C93-46E4-BF24-379D4EEF0CCD}.Release|Any CPU.ActiveCfg = Release|Any CPU
		{68A88B8E-1C93-46E4-BF24-379D4EEF0CCD}.Release|Any CPU.Build.0 = Release|Any CPU
	EndGlobalSection
	GlobalSection(SolutionProperties) = preSolution
		HideSolutionNode = FALSE
	EndGlobalSection
	GlobalSection(ExtensibilityGlobals) = postSolution
		SolutionGuid = {729B2AA7-B7D8-41EA-B2BF-6BF508B8B6CE}
	EndGlobalSection
EndGlobal
